// !$*UTF8*$!
{
	archiveVersion = 1;
	classes = {
	};
	objectVersion = 50;
	objects = {

/* Begin PBXBuildFile section */
		D509DA4C237AE00D00616AE6 /* Date+Extensions.swift in Sources */ = {isa = PBXBuildFile; fileRef = D509DA4B237AE00D00616AE6 /* Date+Extensions.swift */; };
		D509DA4F237AE0FC00616AE6 /* NoteCell.swift in Sources */ = {isa = PBXBuildFile; fileRef = D509DA4E237AE0FC00616AE6 /* NoteCell.swift */; };
		D5BB540F237AD638009F4D17 /* AppDelegate.swift in Sources */ = {isa = PBXBuildFile; fileRef = D5BB540E237AD638009F4D17 /* AppDelegate.swift */; };
		D5BB5411237AD638009F4D17 /* SceneDelegate.swift in Sources */ = {isa = PBXBuildFile; fileRef = D5BB5410237AD638009F4D17 /* SceneDelegate.swift */; };
		D5BB5413237AD638009F4D17 /* NotesListVC.swift in Sources */ = {isa = PBXBuildFile; fileRef = D5BB5412237AD638009F4D17 /* NotesListVC.swift */; };
		D5BB5416237AD638009F4D17 /* Main.storyboard in Resources */ = {isa = PBXBuildFile; fileRef = D5BB5414237AD638009F4D17 /* Main.storyboard */; };
		D5BB5418237AD63C009F4D17 /* Assets.xcassets in Resources */ = {isa = PBXBuildFile; fileRef = D5BB5417237AD63C009F4D17 /* Assets.xcassets */; };
		D5BB541B237AD63C009F4D17 /* LaunchScreen.storyboard in Resources */ = {isa = PBXBuildFile; fileRef = D5BB5419237AD63C009F4D17 /* LaunchScreen.storyboard */; };
		D5BB5426237AD871009F4D17 /* Note.swift in Sources */ = {isa = PBXBuildFile; fileRef = D5BB5425237AD871009F4D17 /* Note.swift */; };
		D5BB5428237AD8B7009F4D17 /* API.swift in Sources */ = {isa = PBXBuildFile; fileRef = D5BB5427237AD8B7009F4D17 /* API.swift */; };
		D5BB542B237AD915009F4D17 /* String+Extensions.swift in Sources */ = {isa = PBXBuildFile; fileRef = D5BB542A237AD915009F4D17 /* String+Extensions.swift */; };
/* End PBXBuildFile section */

/* Begin PBXFileReference section */
		D509DA4B237AE00D00616AE6 /* Date+Extensions.swift */ = {isa = PBXFileReference; lastKnownFileType = sourcecode.swift; path = "Date+Extensions.swift"; sourceTree = "<group>"; };
		D509DA4E237AE0FC00616AE6 /* NoteCell.swift */ = {isa = PBXFileReference; lastKnownFileType = sourcecode.swift; path = NoteCell.swift; sourceTree = "<group>"; };
		D5BB540B237AD638009F4D17 /* Lesson_4.app */ = {isa = PBXFileReference; explicitFileType = wrapper.application; includeInIndex = 0; path = Lesson_4.app; sourceTree = BUILT_PRODUCTS_DIR; };
		D5BB540E237AD638009F4D17 /* AppDelegate.swift */ = {isa = PBXFileReference; lastKnownFileType = sourcecode.swift; path = AppDelegate.swift; sourceTree = "<group>"; };
		D5BB5410237AD638009F4D17 /* SceneDelegate.swift */ = {isa = PBXFileReference; lastKnownFileType = sourcecode.swift; path = SceneDelegate.swift; sourceTree = "<group>"; };
		D5BB5412237AD638009F4D17 /* NotesListVC.swift */ = {isa = PBXFileReference; lastKnownFileType = sourcecode.swift; path = NotesListVC.swift; sourceTree = "<group>"; };
		D5BB5415237AD638009F4D17 /* Base */ = {isa = PBXFileReference; lastKnownFileType = file.storyboard; name = Base; path = Base.lproj/Main.storyboard; sourceTree = "<group>"; };
		D5BB5417237AD63C009F4D17 /* Assets.xcassets */ = {isa = PBXFileReference; lastKnownFileType = folder.assetcatalog; path = Assets.xcassets; sourceTree = "<group>"; };
		D5BB541A237AD63C009F4D17 /* Base */ = {isa = PBXFileReference; lastKnownFileType = file.storyboard; name = Base; path = Base.lproj/LaunchScreen.storyboard; sourceTree = "<group>"; };
		D5BB541C237AD63C009F4D17 /* Info.plist */ = {isa = PBXFileReference; lastKnownFileType = text.plist.xml; path = Info.plist; sourceTree = "<group>"; };
		D5BB5425237AD871009F4D17 /* Note.swift */ = {isa = PBXFileReference; lastKnownFileType = sourcecode.swift; path = Note.swift; sourceTree = "<group>"; };
		D5BB5427237AD8B7009F4D17 /* API.swift */ = {isa = PBXFileReference; lastKnownFileType = sourcecode.swift; path = API.swift; sourceTree = "<group>"; };
		D5BB542A237AD915009F4D17 /* String+Extensions.swift */ = {isa = PBXFileReference; lastKnownFileType = sourcecode.swift; path = "String+Extensions.swift"; sourceTree = "<group>"; };
/* End PBXFileReference section */

/* Begin PBXFrameworksBuildPhase section */
		D5BB5408237AD638009F4D17 /* Frameworks */ = {
			isa = PBXFrameworksBuildPhase;
			buildActionMask = 2147483647;
			files = (
			);
			runOnlyForDeploymentPostprocessing = 0;
		};
/* End PBXFrameworksBuildPhase section */

/* Begin PBXGroup section */
		D509DA4D237AE0CD00616AE6 /* NotesList */ = {
			isa = PBXGroup;
			children = (
				D5BB5412237AD638009F4D17 /* NotesListVC.swift */,
				D509DA4E237AE0FC00616AE6 /* NoteCell.swift */,
			);
			path = NotesList;
			sourceTree = "<group>";
		};
		D5BB5402237AD638009F4D17 = {
			isa = PBXGroup;
			children = (
				D5BB540D237AD638009F4D17 /* Lesson_4 */,
				D5BB540C237AD638009F4D17 /* Products */,
			);
			sourceTree = "<group>";
		};
		D5BB540C237AD638009F4D17 /* Products */ = {
			isa = PBXGroup;
			children = (
				D5BB540B237AD638009F4D17 /* Lesson_4.app */,
			);
			name = Products;
			sourceTree = "<group>";
		};
		D5BB540D237AD638009F4D17 /* Lesson_4 */ = {
			isa = PBXGroup;
			children = (
				D5BB5429237AD90B009F4D17 /* Extension */,
				D5BB5424237AD864009F4D17 /* Models */,
				D5BB5423237AD662009F4D17 /* Features */,
				D5BB5422237AD65C009F4D17 /* API */,
				D5BB540E237AD638009F4D17 /* AppDelegate.swift */,
				D5BB5410237AD638009F4D17 /* SceneDelegate.swift */,
				D5BB5414237AD638009F4D17 /* Main.storyboard */,
				D5BB5417237AD63C009F4D17 /* Assets.xcassets */,
				D5BB5419237AD63C009F4D17 /* LaunchScreen.storyboard */,
				D5BB541C237AD63C009F4D17 /* Info.plist */,
			);
			path = Lesson_4;
			sourceTree = "<group>";
		};
		D5BB5422237AD65C009F4D17 /* API */ = {
			isa = PBXGroup;
			children = (
				D5BB5427237AD8B7009F4D17 /* API.swift */,
			);
			path = API;
			sourceTree = "<group>";
		};
		D5BB5423237AD662009F4D17 /* Features */ = {
			isa = PBXGroup;
			children = (
				D509DA4D237AE0CD00616AE6 /* NotesList */,
			);
			path = Features;
			sourceTree = "<group>";
		};
		D5BB5424237AD864009F4D17 /* Models */ = {
			isa = PBXGroup;
			children = (
				D5BB5425237AD871009F4D17 /* Note.swift */,
			);
			path = Models;
			sourceTree = "<group>";
		};
		D5BB5429237AD90B009F4D17 /* Extension */ = {
			isa = PBXGroup;
			children = (
				D5BB542A237AD915009F4D17 /* String+Extensions.swift */,
				D509DA4B237AE00D00616AE6 /* Date+Extensions.swift */,
			);
			path = Extension;
			sourceTree = "<group>";
		};
/* End PBXGroup section */

/* Begin PBXNativeTarget section */
		D5BB540A237AD638009F4D17 /* Lesson_4 */ = {
			isa = PBXNativeTarget;
			buildConfigurationList = D5BB541F237AD63C009F4D17 /* Build configuration list for PBXNativeTarget "Lesson_4" */;
			buildPhases = (
				D5BB5407237AD638009F4D17 /* Sources */,
				D5BB5408237AD638009F4D17 /* Frameworks */,
				D5BB5409237AD638009F4D17 /* Resources */,
			);
			buildRules = (
			);
			dependencies = (
			);
			name = Lesson_4;
			productName = Lesson_4;
			productReference = D5BB540B237AD638009F4D17 /* Lesson_4.app */;
			productType = "com.apple.product-type.application";
		};
/* End PBXNativeTarget section */

/* Begin PBXProject section */
		D5BB5403237AD638009F4D17 /* Project object */ = {
			isa = PBXProject;
			attributes = {
				LastSwiftUpdateCheck = 1100;
				LastUpgradeCheck = 1100;
				ORGANIZATIONNAME = NapoleonIT;
				TargetAttributes = {
					D5BB540A237AD638009F4D17 = {
						CreatedOnToolsVersion = 11.0;
					};
				};
			};
			buildConfigurationList = D5BB5406237AD638009F4D17 /* Build configuration list for PBXProject "Lesson_4" */;
			compatibilityVersion = "Xcode 9.3";
			developmentRegion = en;
			hasScannedForEncodings = 0;
			knownRegions = (
				en,
				Base,
			);
			mainGroup = D5BB5402237AD638009F4D17;
			productRefGroup = D5BB540C237AD638009F4D17 /* Products */;
			projectDirPath = "";
			projectRoot = "";
			targets = (
				D5BB540A237AD638009F4D17 /* Lesson_4 */,
			);
		};
/* End PBXProject section */

/* Begin PBXResourcesBuildPhase section */
		D5BB5409237AD638009F4D17 /* Resources */ = {
			isa = PBXResourcesBuildPhase;
			buildActionMask = 2147483647;
			files = (
				D5BB541B237AD63C009F4D17 /* LaunchScreen.storyboard in Resources */,
				D5BB5418237AD63C009F4D17 /* Assets.xcassets in Resources */,
				D5BB5416237AD638009F4D17 /* Main.storyboard in Resources */,
			);
			runOnlyForDeploymentPostprocessing = 0;
		};
/* End PBXResourcesBuildPhase section */

/* Begin PBXSourcesBuildPhase section */
		D5BB5407237AD638009F4D17 /* Sources */ = {
			isa = PBXSourcesBuildPhase;
			buildActionMask = 2147483647;
			files = (
				D5BB5413237AD638009F4D17 /* NotesListVC.swift in Sources */,
				D5BB540F237AD638009F4D17 /* AppDelegate.swift in Sources */,
				D509DA4C237AE00D00616AE6 /* Date+Extensions.swift in Sources */,
				D5BB5411237AD638009F4D17 /* SceneDelegate.swift in Sources */,
				D5BB5426237AD871009F4D17 /* Note.swift in Sources */,
				D5BB542B237AD915009F4D17 /* String+Extensions.swift in Sources */,
				D5BB5428237AD8B7009F4D17 /* API.swift in Sources */,
				D509DA4F237AE0FC00616AE6 /* NoteCell.swift in Sources */,
			);
			runOnlyForDeploymentPostprocessing = 0;
		};
/* End PBXSourcesBuildPhase section */

/* Begin PBXVariantGroup section */
		D5BB5414237AD638009F4D17 /* Main.storyboard */ = {
			isa = PBXVariantGroup;
			children = (
				D5BB5415237AD638009F4D17 /* Base */,
			);
			name = Main.storyboard;
			sourceTree = "<group>";
		};
		D5BB5419237AD63C009F4D17 /* LaunchScreen.storyboard */ = {
			isa = PBXVariantGroup;
			children = (
				D5BB541A237AD63C009F4D17 /* Base */,
			);
			name = LaunchScreen.storyboard;
			sourceTree = "<group>";
		};
/* End PBXVariantGroup section */

/* Begin XCBuildConfiguration section */
		D5BB541D237AD63C009F4D17 /* Debug */ = {
			isa = XCBuildConfiguration;
			buildSettings = {
				ALWAYS_SEARCH_USER_PATHS = NO;
				CLANG_ANALYZER_NONNULL = YES;
				CLANG_ANALYZER_NUMBER_OBJECT_CONVERSION = YES_AGGRESSIVE;
				CLANG_CXX_LANGUAGE_STANDARD = "gnu++14";
				CLANG_CXX_LIBRARY = "libc++";
				CLANG_ENABLE_MODULES = YES;
				CLANG_ENABLE_OBJC_ARC = YES;
				CLANG_ENABLE_OBJC_WEAK = YES;
				CLANG_WARN_BLOCK_CAPTURE_AUTORELEASING = YES;
				CLANG_WARN_BOOL_CONVERSION = YES;
				CLANG_WARN_COMMA = YES;
				CLANG_WARN_CONSTANT_CONVERSION = YES;
				CLANG_WARN_DEPRECATED_OBJC_IMPLEMENTATIONS = YES;
				CLANG_WARN_DIRECT_OBJC_ISA_USAGE = YES_ERROR;
				CLANG_WARN_DOCUMENTATION_COMMENTS = YES;
				CLANG_WARN_EMPTY_BODY = YES;
				CLANG_WARN_ENUM_CONVERSION = YES;
				CLANG_WARN_INFINITE_RECURSION = YES;
				CLANG_WARN_INT_CONVERSION = YES;
				CLANG_WARN_NON_LITERAL_NULL_CONVERSION = YES;
				CLANG_WARN_OBJC_IMPLICIT_RETAIN_SELF = YES;
				CLANG_WARN_OBJC_LITERAL_CONVERSION = YES;
				CLANG_WARN_OBJC_ROOT_CLASS = YES_ERROR;
				CLANG_WARN_RANGE_LOOP_ANALYSIS = YES;
				CLANG_WARN_STRICT_PROTOTYPES = YES;
				CLANG_WARN_SUSPICIOUS_MOVE = YES;
				CLANG_WARN_UNGUARDED_AVAILABILITY = YES_AGGRESSIVE;
				CLANG_WARN_UNREACHABLE_CODE = YES;
				CLANG_WARN__DUPLICATE_METHOD_MATCH = YES;
				COPY_PHASE_STRIP = NO;
				DEBUG_INFORMATION_FORMAT = dwarf;
				ENABLE_STRICT_OBJC_MSGSEND = YES;
				ENABLE_TESTABILITY = YES;
				GCC_C_LANGUAGE_STANDARD = gnu11;
				GCC_DYNAMIC_NO_PIC = NO;
				GCC_NO_COMMON_BLOCKS = YES;
				GCC_OPTIMIZATION_LEVEL = 0;
				GCC_PREPROCESSOR_DEFINITIONS = (
					"DEBUG=1",
					"$(inherited)",
				);
				GCC_WARN_64_TO_32_BIT_CONVERSION = YES;
				GCC_WARN_ABOUT_RETURN_TYPE = YES_ERROR;
				GCC_WARN_UNDECLARED_SELECTOR = YES;
				GCC_WARN_UNINITIALIZED_AUTOS = YES_AGGRESSIVE;
				GCC_WARN_UNUSED_FUNCTION = YES;
				GCC_WARN_UNUSED_VARIABLE = YES;
				IPHONEOS_DEPLOYMENT_TARGET = 13.0;
				MTL_ENABLE_DEBUG_INFO = INCLUDE_SOURCE;
				MTL_FAST_MATH = YES;
				ONLY_ACTIVE_ARCH = YES;
				SDKROOT = iphoneos;
				SWIFT_ACTIVE_COMPILATION_CONDITIONS = DEBUG;
				SWIFT_OPTIMIZATION_LEVEL = "-Onone";
			};
			name = Debug;
		};
		D5BB541E237AD63C009F4D17 /* Release */ = {
			isa = XCBuildConfiguration;
			buildSettings = {
				ALWAYS_SEARCH_USER_PATHS = NO;
				CLANG_ANALYZER_NONNULL = YES;
				CLANG_ANALYZER_NUMBER_OBJECT_CONVERSION = YES_AGGRESSIVE;
				CLANG_CXX_LANGUAGE_STANDARD = "gnu++14";
				CLANG_CXX_LIBRARY = "libc++";
				CLANG_ENABLE_MODULES = YES;
				CLANG_ENABLE_OBJC_ARC = YES;
				CLANG_ENABLE_OBJC_WEAK = YES;
				CLANG_WARN_BLOCK_CAPTURE_AUTORELEASING = YES;
				CLANG_WARN_BOOL_CONVERSION = YES;
				CLANG_WARN_COMMA = YES;
				CLANG_WARN_CONSTANT_CONVERSION = YES;
				CLANG_WARN_DEPRECATED_OBJC_IMPLEMENTATIONS = YES;
				CLANG_WARN_DIRECT_OBJC_ISA_USAGE = YES_ERROR;
				CLANG_WARN_DOCUMENTATION_COMMENTS = YES;
				CLANG_WARN_EMPTY_BODY = YES;
				CLANG_WARN_ENUM_CONVERSION = YES;
				CLANG_WARN_INFINITE_RECURSION = YES;
				CLANG_WARN_INT_CONVERSION = YES;
				CLANG_WARN_NON_LITERAL_NULL_CONVERSION = YES;
				CLANG_WARN_OBJC_IMPLICIT_RETAIN_SELF = YES;
				CLANG_WARN_OBJC_LITERAL_CONVERSION = YES;
				CLANG_WARN_OBJC_ROOT_CLASS = YES_ERROR;
				CLANG_WARN_RANGE_LOOP_ANALYSIS = YES;
				CLANG_WARN_STRICT_PROTOTYPES = YES;
				CLANG_WARN_SUSPICIOUS_MOVE = YES;
				CLANG_WARN_UNGUARDED_AVAILABILITY = YES_AGGRESSIVE;
				CLANG_WARN_UNREACHABLE_CODE = YES;
				CLANG_WARN__DUPLICATE_METHOD_MATCH = YES;
				COPY_PHASE_STRIP = NO;
				DEBUG_INFORMATION_FORMAT = "dwarf-with-dsym";
				ENABLE_NS_ASSERTIONS = NO;
				ENABLE_STRICT_OBJC_MSGSEND = YES;
				GCC_C_LANGUAGE_STANDARD = gnu11;
				GCC_NO_COMMON_BLOCKS = YES;
				GCC_WARN_64_TO_32_BIT_CONVERSION = YES;
				GCC_WARN_ABOUT_RETURN_TYPE = YES_ERROR;
				GCC_WARN_UNDECLARED_SELECTOR = YES;
				GCC_WARN_UNINITIALIZED_AUTOS = YES_AGGRESSIVE;
				GCC_WARN_UNUSED_FUNCTION = YES;
				GCC_WARN_UNUSED_VARIABLE = YES;
				IPHONEOS_DEPLOYMENT_TARGET = 13.0;
				MTL_ENABLE_DEBUG_INFO = NO;
				MTL_FAST_MATH = YES;
				SDKROOT = iphoneos;
				SWIFT_COMPILATION_MODE = wholemodule;
				SWIFT_OPTIMIZATION_LEVEL = "-O";
				VALIDATE_PRODUCT = YES;
			};
			name = Release;
		};
		D5BB5420237AD63C009F4D17 /* Debug */ = {
			isa = XCBuildConfiguration;
			buildSettings = {
				ASSETCATALOG_COMPILER_APPICON_NAME = AppIcon;
				CODE_SIGN_STYLE = Automatic;
				DEVELOPMENT_TEAM = 6FX8BJP23C;
				INFOPLIST_FILE = Lesson_4/Info.plist;
				LD_RUNPATH_SEARCH_PATHS = (
					"$(inherited)",
					"@executable_path/Frameworks",
				);
				PRODUCT_BUNDLE_IDENTIFIER = "ru.twincorp.Lesson-4";
				PRODUCT_NAME = "$(TARGET_NAME)";
				SWIFT_VERSION = 5.0;
				TARGETED_DEVICE_FAMILY = "1,2";
			};
			name = Debug;
		};
		D5BB5421237AD63C009F4D17 /* Release */ = {
			isa = XCBuildConfiguration;
			buildSettings = {
				ASSETCATALOG_COMPILER_APPICON_NAME = AppIcon;
				CODE_SIGN_STYLE = Automatic;
				DEVELOPMENT_TEAM = 6FX8BJP23C;
				INFOPLIST_FILE = Lesson_4/Info.plist;
				LD_RUNPATH_SEARCH_PATHS = (
					"$(inherited)",
					"@executable_path/Frameworks",
				);
				PRODUCT_BUNDLE_IDENTIFIER = "ru.twincorp.Lesson-4";
				PRODUCT_NAME = "$(TARGET_NAME)";
				SWIFT_VERSION = 5.0;
				TARGETED_DEVICE_FAMILY = "1,2";
			};
			name = Release;
		};
/* End XCBuildConfiguration section */

/* Begin XCConfigurationList section */
		D5BB5406237AD638009F4D17 /* Build configuration list for PBXProject "Lesson_4" */ = {
			isa = XCConfigurationList;
			buildConfigurations = (
				D5BB541D237AD63C009F4D17 /* Debug */,
				D5BB541E237AD63C009F4D17 /* Release */,
			);
			defaultConfigurationIsVisible = 0;
			defaultConfigurationName = Release;
		};
		D5BB541F237AD63C009F4D17 /* Build configuration list for PBXNativeTarget "Lesson_4" */ = {
			isa = XCConfigurationList;
			buildConfigurations = (
				D5BB5420237AD63C009F4D17 /* Debug */,
				D5BB5421237AD63C009F4D17 /* Release */,
			);
			defaultConfigurationIsVisible = 0;
			defaultConfigurationName = Release;
		};
/* End XCConfigurationList section */
	};
	rootObject = D5BB5403237AD638009F4D17 /* Project object */;
}
